
Microsoft Visual Studio Solution File, Format Version 12.00
# Visual Studio Version 17
VisualStudioVersion = 17.3.32819.101
MinimumVisualStudioVersion = 10.0.40219.1
Project("{FAE04EC0-301F-11D3-BF4B-00C04F79EFBC}") = "HelloCSharp05", "HelloCSharp05\HelloCSharp05.csproj", "{7CE19DA3-7CBA-4623-9A83-C9416AADEBDD}"
EndProject
Project("{FAE04EC0-301F-11D3-BF4B-00C04F79EFBC}") = "HelloCSharp05_01", "HelloCSharp05_01\HelloCSharp05_01.csproj", "{54C3139A-BA2B-4A71-9C15-F5D2B1AB4F1F}"
EndProject
Project("{FAE04EC0-301F-11D3-BF4B-00C04F79EFBC}") = "HelloCSharp05_02", "HelloCSharp05_02\HelloCSharp05_02.csproj", "{3804374B-2715-429D-BC5A-836C9220D47A}"
EndProject
Project("{FAE04EC0-301F-11D3-BF4B-00C04F79EFBC}") = "HelloCSharp05_03", "HelloCSharp05_04\HelloCSharp05_03.csproj", "{6572973A-66DC-4E95-BE89-67F52EE037E2}"
EndProject
Project("{FAE04EC0-301F-11D3-BF4B-00C04F79EFBC}") = "HelloCSharp05_04_lotto", "HelloCSharp05_04_lotto\HelloCSharp05_04_lotto.csproj", "{8FE3EB3E-EBBE-4E34-961B-A775BC5DE239}"
EndProject
Global
	GlobalSection(SolutionConfigurationPlatforms) = preSolution
		Debug|Any CPU = Debug|Any CPU
		Release|Any CPU = Release|Any CPU
	EndGlobalSection
	GlobalSection(ProjectConfigurationPlatforms) = postSolution
		{7CE19DA3-7CBA-4623-9A83-C9416AADEBDD}.Debug|Any CPU.ActiveCfg = Debug|Any CPU
		{7CE19DA3-7CBA-4623-9A83-C9416AADEBDD}.Debug|Any CPU.Build.0 = Debug|Any CPU
		{7CE19DA3-7CBA-4623-9A83-C9416AADEBDD}.Release|Any CPU.ActiveCfg = Release|Any CPU
		{7CE19DA3-7CBA-4623-9A83-C9416AADEBDD}.Release|Any CPU.Build.0 = Release|Any CPU
		{54C3139A-BA2B-4A71-9C15-F5D2B1AB4F1F}.Debug|Any CPU.ActiveCfg = Debug|Any CPU
		{54C3139A-BA2B-4A71-9C15-F5D2B1AB4F1F}.Debug|Any CPU.Build.0 = Debug|Any CPU
		{54C3139A-BA2B-4A71-9C15-F5D2B1AB4F1F}.Release|Any CPU.ActiveCfg = Release|Any CPU
		{54C3139A-BA2B-4A71-9C15-F5D2B1AB4F1F}.Release|Any CPU.Build.0 = Release|Any CPU
		{3804374B-2715-429D-BC5A-836C9220D47A}.Debug|Any CPU.ActiveCfg = Debug|Any CPU
		{3804374B-2715-429D-BC5A-836C9220D47A}.Debug|Any CPU.Build.0 = Debug|Any CPU
		{3804374B-2715-429D-BC5A-836C9220D47A}.Release|Any CPU.ActiveCfg = Release|Any CPU
		{3804374B-2715-429D-BC5A-836C9220D47A}.Release|Any CPU.Build.0 = Release|Any CPU
		{6572973A-66DC-4E95-BE89-67F52EE037E2}.Debug|Any CPU.ActiveCfg = Debug|Any CPU
		{6572973A-66DC-4E95-BE89-67F52EE037E2}.Debug|Any CPU.Build.0 = Debug|Any CPU
		{6572973A-66DC-4E95-BE89-67F52EE037E2}.Release|Any CPU.ActiveCfg = Release|Any CPU
		{6572973A-66DC-4E95-BE89-67F52EE037E2}.Release|Any CPU.Build.0 = Release|Any CPU
		{8FE3EB3E-EBBE-4E34-961B-A775BC5DE239}.Debug|Any CPU.ActiveCfg = Debug|Any CPU
		{8FE3EB3E-EBBE-4E34-961B-A775BC5DE239}.Debug|Any CPU.Build.0 = Debug|Any CPU
		{8FE3EB3E-EBBE-4E34-961B-A775BC5DE239}.Release|Any CPU.ActiveCfg = Release|Any CPU
		{8FE3EB3E-EBBE-4E34-961B-A775BC5DE239}.Release|Any CPU.Build.0 = Release|Any CPU
	EndGlobalSection
	GlobalSection(SolutionProperties) = preSolution
		HideSolutionNode = FALSE
	EndGlobalSection
	GlobalSection(ExtensibilityGlobals) = postSolution
		SolutionGuid = {F7CAC82E-8BF4-4356-BB3C-51C40B3DA3AC}
	EndGlobalSection
EndGlobal
