
Microsoft Visual Studio Solution File, Format Version 12.00
# Visual Studio Version 17
VisualStudioVersion = 17.4.33205.214
MinimumVisualStudioVersion = 10.0.40219.1
Project("{FAE04EC0-301F-11D3-BF4B-00C04F79EFBC}") = "CSharpChapter4", "CSharpChapter4\CSharpChapter4.csproj", "{CBC11B5C-438E-404A-8024-BEA2BA4CE9E8}"
EndProject
Global
	GlobalSection(SolutionConfigurationPlatforms) = preSolution
		Debug|Any CPU = Debug|Any CPU
		Release|Any CPU = Release|Any CPU
	EndGlobalSection
	GlobalSection(ProjectConfigurationPlatforms) = postSolution
		{CBC11B5C-438E-404A-8024-BEA2BA4CE9E8}.Debug|Any CPU.ActiveCfg = Debug|Any CPU
		{CBC11B5C-438E-404A-8024-BEA2BA4CE9E8}.Debug|Any CPU.Build.0 = Debug|Any CPU
		{CBC11B5C-438E-404A-8024-BEA2BA4CE9E8}.Release|Any CPU.ActiveCfg = Release|Any CPU
		{CBC11B5C-438E-404A-8024-BEA2BA4CE9E8}.Release|Any CPU.Build.0 = Release|Any CPU
	EndGlobalSection
	GlobalSection(SolutionProperties) = preSolution
		HideSolutionNode = FALSE
	EndGlobalSection
	GlobalSection(ExtensibilityGlobals) = postSolution
		SolutionGuid = {D4A2843E-FE7C-4432-8587-1E64D18F64AD}
	EndGlobalSection
EndGlobal
