
Microsoft Visual Studio Solution File, Format Version 12.00
# Visual Studio Version 17
VisualStudioVersion = 17.3.32819.101
MinimumVisualStudioVersion = 10.0.40219.1
Project("{FAE04EC0-301F-11D3-BF4B-00C04F79EFBC}") = "HelloCSharp07", "HelloCSharp07\HelloCSharp07.csproj", "{72F7CDAE-5EFC-4A1E-AE42-282FBF3F4A5B}"
EndProject
Project("{FAE04EC0-301F-11D3-BF4B-00C04F79EFBC}") = "HelloCSharp07_01", "HelloCSharp06\HelloCSharp07_01.csproj", "{A30171C4-B572-42F4-BD85-26F398109A66}"
EndProject
Project("{FAE04EC0-301F-11D3-BF4B-00C04F79EFBC}") = "HelloCSharp07_02", "HelloCSharp07_02\HelloCSharp07_02.csproj", "{BD46486C-E47E-48B9-9EA4-8AF3A66A26CE}"
EndProject
Project("{FAE04EC0-301F-11D3-BF4B-00C04F79EFBC}") = "HelloCSharp07_03", "HelloCSharp07_03\HelloCSharp07_03.csproj", "{60B593B9-113A-43B6-9A91-51EC2BE1E522}"
EndProject
Global
	GlobalSection(SolutionConfigurationPlatforms) = preSolution
		Debug|Any CPU = Debug|Any CPU
		Release|Any CPU = Release|Any CPU
	EndGlobalSection
	GlobalSection(ProjectConfigurationPlatforms) = postSolution
		{72F7CDAE-5EFC-4A1E-AE42-282FBF3F4A5B}.Debug|Any CPU.ActiveCfg = Debug|Any CPU
		{72F7CDAE-5EFC-4A1E-AE42-282FBF3F4A5B}.Debug|Any CPU.Build.0 = Debug|Any CPU
		{72F7CDAE-5EFC-4A1E-AE42-282FBF3F4A5B}.Release|Any CPU.ActiveCfg = Release|Any CPU
		{72F7CDAE-5EFC-4A1E-AE42-282FBF3F4A5B}.Release|Any CPU.Build.0 = Release|Any CPU
		{A30171C4-B572-42F4-BD85-26F398109A66}.Debug|Any CPU.ActiveCfg = Debug|Any CPU
		{A30171C4-B572-42F4-BD85-26F398109A66}.Debug|Any CPU.Build.0 = Debug|Any CPU
		{A30171C4-B572-42F4-BD85-26F398109A66}.Release|Any CPU.ActiveCfg = Release|Any CPU
		{A30171C4-B572-42F4-BD85-26F398109A66}.Release|Any CPU.Build.0 = Release|Any CPU
		{BD46486C-E47E-48B9-9EA4-8AF3A66A26CE}.Debug|Any CPU.ActiveCfg = Debug|Any CPU
		{BD46486C-E47E-48B9-9EA4-8AF3A66A26CE}.Debug|Any CPU.Build.0 = Debug|Any CPU
		{BD46486C-E47E-48B9-9EA4-8AF3A66A26CE}.Release|Any CPU.ActiveCfg = Release|Any CPU
		{BD46486C-E47E-48B9-9EA4-8AF3A66A26CE}.Release|Any CPU.Build.0 = Release|Any CPU
		{60B593B9-113A-43B6-9A91-51EC2BE1E522}.Debug|Any CPU.ActiveCfg = Debug|Any CPU
		{60B593B9-113A-43B6-9A91-51EC2BE1E522}.Debug|Any CPU.Build.0 = Debug|Any CPU
		{60B593B9-113A-43B6-9A91-51EC2BE1E522}.Release|Any CPU.ActiveCfg = Release|Any CPU
		{60B593B9-113A-43B6-9A91-51EC2BE1E522}.Release|Any CPU.Build.0 = Release|Any CPU
	EndGlobalSection
	GlobalSection(SolutionProperties) = preSolution
		HideSolutionNode = FALSE
	EndGlobalSection
	GlobalSection(ExtensibilityGlobals) = postSolution
		SolutionGuid = {94DD4FED-903F-47ED-BA84-0BA7990755A5}
	EndGlobalSection
EndGlobal
