
Microsoft Visual Studio Solution File, Format Version 12.00
# Visual Studio Version 17
VisualStudioVersion = 17.3.32819.101
MinimumVisualStudioVersion = 10.0.40219.1
Project("{FAE04EC0-301F-11D3-BF4B-00C04F79EFBC}") = "HelloCSharp10", "HelloCSharp10\HelloCSharp10.csproj", "{52C19923-0662-4072-B30D-153070AEDEC5}"
EndProject
Project("{FAE04EC0-301F-11D3-BF4B-00C04F79EFBC}") = "HelloCSharp10_01", "HelloCSharp10_01\HelloCSharp10_01.csproj", "{80CCFDCD-328C-440B-80AE-FCA7177571A1}"
EndProject
Project("{FAE04EC0-301F-11D3-BF4B-00C04F79EFBC}") = "HelloCSharp10_02", "HelloCSharp10_02\HelloCSharp10_02.csproj", "{91E3E5C4-DC11-401C-8DC6-5563B604353C}"
EndProject
Project("{FAE04EC0-301F-11D3-BF4B-00C04F79EFBC}") = "HelloCSharp10_03", "HelloCSharp10_03\HelloCSharp10_03.csproj", "{192C0B44-413C-4331-A616-DED7F977198A}"
EndProject
Project("{FAE04EC0-301F-11D3-BF4B-00C04F79EFBC}") = "HelloCSharp10_04", "HelloCSharp10_04\HelloCSharp10_04.csproj", "{D0614033-74A0-4ECD-8449-9BCC7EC20444}"
EndProject
Project("{FAE04EC0-301F-11D3-BF4B-00C04F79EFBC}") = "HelloCSharp10_05", "HelloCSharp10_05\HelloCSharp10_05.csproj", "{CA432AF1-B1AB-4386-80BF-763811813094}"
EndProject
Project("{FAE04EC0-301F-11D3-BF4B-00C04F79EFBC}") = "HelloCSharp10_06", "HelloCSharp10_06\HelloCSharp10_06.csproj", "{36490003-28D6-4CA1-AF96-BD512BE55311}"
EndProject
Global
	GlobalSection(SolutionConfigurationPlatforms) = preSolution
		Debug|Any CPU = Debug|Any CPU
		Release|Any CPU = Release|Any CPU
	EndGlobalSection
	GlobalSection(ProjectConfigurationPlatforms) = postSolution
		{52C19923-0662-4072-B30D-153070AEDEC5}.Debug|Any CPU.ActiveCfg = Debug|Any CPU
		{52C19923-0662-4072-B30D-153070AEDEC5}.Debug|Any CPU.Build.0 = Debug|Any CPU
		{52C19923-0662-4072-B30D-153070AEDEC5}.Release|Any CPU.ActiveCfg = Release|Any CPU
		{52C19923-0662-4072-B30D-153070AEDEC5}.Release|Any CPU.Build.0 = Release|Any CPU
		{80CCFDCD-328C-440B-80AE-FCA7177571A1}.Debug|Any CPU.ActiveCfg = Debug|Any CPU
		{80CCFDCD-328C-440B-80AE-FCA7177571A1}.Debug|Any CPU.Build.0 = Debug|Any CPU
		{80CCFDCD-328C-440B-80AE-FCA7177571A1}.Release|Any CPU.ActiveCfg = Release|Any CPU
		{80CCFDCD-328C-440B-80AE-FCA7177571A1}.Release|Any CPU.Build.0 = Release|Any CPU
		{91E3E5C4-DC11-401C-8DC6-5563B604353C}.Debug|Any CPU.ActiveCfg = Debug|Any CPU
		{91E3E5C4-DC11-401C-8DC6-5563B604353C}.Debug|Any CPU.Build.0 = Debug|Any CPU
		{91E3E5C4-DC11-401C-8DC6-5563B604353C}.Release|Any CPU.ActiveCfg = Release|Any CPU
		{91E3E5C4-DC11-401C-8DC6-5563B604353C}.Release|Any CPU.Build.0 = Release|Any CPU
		{192C0B44-413C-4331-A616-DED7F977198A}.Debug|Any CPU.ActiveCfg = Debug|Any CPU
		{192C0B44-413C-4331-A616-DED7F977198A}.Debug|Any CPU.Build.0 = Debug|Any CPU
		{192C0B44-413C-4331-A616-DED7F977198A}.Release|Any CPU.ActiveCfg = Release|Any CPU
		{192C0B44-413C-4331-A616-DED7F977198A}.Release|Any CPU.Build.0 = Release|Any CPU
		{D0614033-74A0-4ECD-8449-9BCC7EC20444}.Debug|Any CPU.ActiveCfg = Debug|Any CPU
		{D0614033-74A0-4ECD-8449-9BCC7EC20444}.Debug|Any CPU.Build.0 = Debug|Any CPU
		{D0614033-74A0-4ECD-8449-9BCC7EC20444}.Release|Any CPU.ActiveCfg = Release|Any CPU
		{D0614033-74A0-4ECD-8449-9BCC7EC20444}.Release|Any CPU.Build.0 = Release|Any CPU
		{CA432AF1-B1AB-4386-80BF-763811813094}.Debug|Any CPU.ActiveCfg = Debug|Any CPU
		{CA432AF1-B1AB-4386-80BF-763811813094}.Debug|Any CPU.Build.0 = Debug|Any CPU
		{CA432AF1-B1AB-4386-80BF-763811813094}.Release|Any CPU.ActiveCfg = Release|Any CPU
		{CA432AF1-B1AB-4386-80BF-763811813094}.Release|Any CPU.Build.0 = Release|Any CPU
		{36490003-28D6-4CA1-AF96-BD512BE55311}.Debug|Any CPU.ActiveCfg = Debug|Any CPU
		{36490003-28D6-4CA1-AF96-BD512BE55311}.Debug|Any CPU.Build.0 = Debug|Any CPU
		{36490003-28D6-4CA1-AF96-BD512BE55311}.Release|Any CPU.ActiveCfg = Release|Any CPU
		{36490003-28D6-4CA1-AF96-BD512BE55311}.Release|Any CPU.Build.0 = Release|Any CPU
	EndGlobalSection
	GlobalSection(SolutionProperties) = preSolution
		HideSolutionNode = FALSE
	EndGlobalSection
	GlobalSection(ExtensibilityGlobals) = postSolution
		SolutionGuid = {B29A9098-F75D-4C93-8DC0-3C837B5BF294}
	EndGlobalSection
EndGlobal
