
Microsoft Visual Studio Solution File, Format Version 12.00
# Visual Studio Version 17
VisualStudioVersion = 17.3.32819.101
MinimumVisualStudioVersion = 10.0.40219.1
Project("{FAE04EC0-301F-11D3-BF4B-00C04F79EFBC}") = "YJLink", "YJLink\YJLink.csproj", "{C8CD2D1F-5EC1-40A5-B5CD-3A3AB7E15BBF}"
EndProject
Global
	GlobalSection(SolutionConfigurationPlatforms) = preSolution
		Debug|Any CPU = Debug|Any CPU
		Debug|x64 = Debug|x64
		Debug|x86 = Debug|x86
		Release|Any CPU = Release|Any CPU
		Release|x64 = Release|x64
		Release|x86 = Release|x86
	EndGlobalSection
	GlobalSection(ProjectConfigurationPlatforms) = postSolution
		{C8CD2D1F-5EC1-40A5-B5CD-3A3AB7E15BBF}.Debug|Any CPU.ActiveCfg = Debug|Any CPU
		{C8CD2D1F-5EC1-40A5-B5CD-3A3AB7E15BBF}.Debug|Any CPU.Build.0 = Debug|Any CPU
		{C8CD2D1F-5EC1-40A5-B5CD-3A3AB7E15BBF}.Debug|x64.ActiveCfg = Debug|Any CPU
		{C8CD2D1F-5EC1-40A5-B5CD-3A3AB7E15BBF}.Debug|x64.Build.0 = Debug|Any CPU
		{C8CD2D1F-5EC1-40A5-B5CD-3A3AB7E15BBF}.Debug|x86.ActiveCfg = Debug|Any CPU
		{C8CD2D1F-5EC1-40A5-B5CD-3A3AB7E15BBF}.Debug|x86.Build.0 = Debug|Any CPU
		{C8CD2D1F-5EC1-40A5-B5CD-3A3AB7E15BBF}.Release|Any CPU.ActiveCfg = Release|Any CPU
		{C8CD2D1F-5EC1-40A5-B5CD-3A3AB7E15BBF}.Release|Any CPU.Build.0 = Release|Any CPU
		{C8CD2D1F-5EC1-40A5-B5CD-3A3AB7E15BBF}.Release|x64.ActiveCfg = Release|Any CPU
		{C8CD2D1F-5EC1-40A5-B5CD-3A3AB7E15BBF}.Release|x64.Build.0 = Release|Any CPU
		{C8CD2D1F-5EC1-40A5-B5CD-3A3AB7E15BBF}.Release|x86.ActiveCfg = Release|Any CPU
		{C8CD2D1F-5EC1-40A5-B5CD-3A3AB7E15BBF}.Release|x86.Build.0 = Release|Any CPU
	EndGlobalSection
	GlobalSection(SolutionProperties) = preSolution
		HideSolutionNode = FALSE
	EndGlobalSection
	GlobalSection(ExtensibilityGlobals) = postSolution
		SolutionGuid = {65C40347-FDD9-4FB7-BACE-8DD0E58A1983}
	EndGlobalSection
EndGlobal
