
Microsoft Visual Studio Solution File, Format Version 12.00
# Visual Studio Version 17
VisualStudioVersion = 17.4.33103.184
MinimumVisualStudioVersion = 10.0.40219.1
Project("{FAE04EC0-301F-11D3-BF4B-00C04F79EFBC}") = "useAPI", "useAPI\useAPI.csproj", "{774BDF21-7479-4351-A628-8AB549273825}"
EndProject
Global
	GlobalSection(SolutionConfigurationPlatforms) = preSolution
		Debug|Any CPU = Debug|Any CPU
		Release|Any CPU = Release|Any CPU
	EndGlobalSection
	GlobalSection(ProjectConfigurationPlatforms) = postSolution
		{774BDF21-7479-4351-A628-8AB549273825}.Debug|Any CPU.ActiveCfg = Debug|Any CPU
		{774BDF21-7479-4351-A628-8AB549273825}.Debug|Any CPU.Build.0 = Debug|Any CPU
		{774BDF21-7479-4351-A628-8AB549273825}.Release|Any CPU.ActiveCfg = Release|Any CPU
		{774BDF21-7479-4351-A628-8AB549273825}.Release|Any CPU.Build.0 = Release|Any CPU
	EndGlobalSection
	GlobalSection(SolutionProperties) = preSolution
		HideSolutionNode = FALSE
	EndGlobalSection
	GlobalSection(ExtensibilityGlobals) = postSolution
		SolutionGuid = {F14B5744-9B20-4F4B-AB9E-F3C586F6ABDD}
	EndGlobalSection
EndGlobal
