
Microsoft Visual Studio Solution File, Format Version 12.00
# Visual Studio Version 17
VisualStudioVersion = 17.2.32616.157
MinimumVisualStudioVersion = 10.0.40219.1
Project("{FAE04EC0-301F-11D3-BF4B-00C04F79EFBC}") = "CSharp01_4", "CSharp01_4\CSharp01_4.csproj", "{B54529AC-1E6E-4D19-891C-B0BE3384CB50}"
EndProject
Global
	GlobalSection(SolutionConfigurationPlatforms) = preSolution
		Debug|Any CPU = Debug|Any CPU
		Release|Any CPU = Release|Any CPU
	EndGlobalSection
	GlobalSection(ProjectConfigurationPlatforms) = postSolution
		{B54529AC-1E6E-4D19-891C-B0BE3384CB50}.Debug|Any CPU.ActiveCfg = Debug|Any CPU
		{B54529AC-1E6E-4D19-891C-B0BE3384CB50}.Debug|Any CPU.Build.0 = Debug|Any CPU
		{B54529AC-1E6E-4D19-891C-B0BE3384CB50}.Release|Any CPU.ActiveCfg = Release|Any CPU
		{B54529AC-1E6E-4D19-891C-B0BE3384CB50}.Release|Any CPU.Build.0 = Release|Any CPU
	EndGlobalSection
	GlobalSection(SolutionProperties) = preSolution
		HideSolutionNode = FALSE
	EndGlobalSection
	GlobalSection(ExtensibilityGlobals) = postSolution
		SolutionGuid = {FA4C0827-6F07-49FE-B910-673E7155F210}
	EndGlobalSection
EndGlobal
